
Microsoft Visual Studio Solution File, Format Version 12.00
# Visual Studio Version 16
VisualStudioVersion = 16.0.33130.400
MinimumVisualStudioVersion = 10.0.40219.1
Project("{FAE04EC0-301F-11D3-BF4B-00C04F79EFBC}") = "MVCStokProje", "MVCStokProje\MVCStokProje.csproj", "{71A16D0F-5DAD-4801-ABE3-5C2B005AE130}"
EndProject
Global
	GlobalSection(SolutionConfigurationPlatforms) = preSolution
		Debug|Any CPU = Debug|Any CPU
		Release|Any CPU = Release|Any CPU
	EndGlobalSection
	GlobalSection(ProjectConfigurationPlatforms) = postSolution
		{71A16D0F-5DAD-4801-ABE3-5C2B005AE130}.Debug|Any CPU.ActiveCfg = Debug|Any CPU
		{71A16D0F-5DAD-4801-ABE3-5C2B005AE130}.Debug|Any CPU.Build.0 = Debug|Any CPU
		{71A16D0F-5DAD-4801-ABE3-5C2B005AE130}.Release|Any CPU.ActiveCfg = Release|Any CPU
		{71A16D0F-5DAD-4801-ABE3-5C2B005AE130}.Release|Any CPU.Build.0 = Release|Any CPU
	EndGlobalSection
	GlobalSection(SolutionProperties) = preSolution
		HideSolutionNode = FALSE
	EndGlobalSection
	GlobalSection(ExtensibilityGlobals) = postSolution
		SolutionGuid = {97F7D22D-B257-46C8-BAA1-3FFD3888A1D0}
	EndGlobalSection
EndGlobal
